
Microsoft Visual Studio Solution File, Format Version 12.00
# Visual Studio 15
VisualStudioVersion = 15.0.28307.1259
MinimumVisualStudioVersion = 10.0.40219.1
Project("{FAE04EC0-301F-11D3-BF4B-00C04F79EFBC}") = "DAL", "DAL\DAL.csproj", "{9ED7ED26-B9B7-4288-96F0-2DC920CC28B7}"
EndProject
Project("{FAE04EC0-301F-11D3-BF4B-00C04F79EFBC}") = "BL", "BL\BL.csproj", "{960964B2-5F72-4587-85CF-C4E2ACDB0C60}"
EndProject
Project("{FAE04EC0-301F-11D3-BF4B-00C04F79EFBC}") = "Entity", "Entity\Entity.csproj", "{F5D1F9CA-ADE4-4120-987F-BD41B29FE569}"
EndProject
Project("{FAE04EC0-301F-11D3-BF4B-00C04F79EFBC}") = "Finalproje", "Finalproje\Finalproje.csproj", "{685C0D6E-7D5F-4EA2-AA6B-BDB9252A7018}"
EndProject
Project("{54435603-DBB4-11D2-8724-00A0C9A8B90C}") = "Kutuphane", "Kutuphane\Kutuphane.vdproj", "{8DBF8FC1-96BF-45F6-ADD5-C243E0CF7F46}"
EndProject
Global
	GlobalSection(SolutionConfigurationPlatforms) = preSolution
		Debug|Any CPU = Debug|Any CPU
		Debug|x64 = Debug|x64
		Release|Any CPU = Release|Any CPU
		Release|x64 = Release|x64
	EndGlobalSection
	GlobalSection(ProjectConfigurationPlatforms) = postSolution
		{9ED7ED26-B9B7-4288-96F0-2DC920CC28B7}.Debug|Any CPU.ActiveCfg = Debug|Any CPU
		{9ED7ED26-B9B7-4288-96F0-2DC920CC28B7}.Debug|Any CPU.Build.0 = Debug|Any CPU
		{9ED7ED26-B9B7-4288-96F0-2DC920CC28B7}.Debug|x64.ActiveCfg = Debug|Any CPU
		{9ED7ED26-B9B7-4288-96F0-2DC920CC28B7}.Debug|x64.Build.0 = Debug|Any CPU
		{9ED7ED26-B9B7-4288-96F0-2DC920CC28B7}.Release|Any CPU.ActiveCfg = Release|Any CPU
		{9ED7ED26-B9B7-4288-96F0-2DC920CC28B7}.Release|Any CPU.Build.0 = Release|Any CPU
		{9ED7ED26-B9B7-4288-96F0-2DC920CC28B7}.Release|x64.ActiveCfg = Release|Any CPU
		{9ED7ED26-B9B7-4288-96F0-2DC920CC28B7}.Release|x64.Build.0 = Release|Any CPU
		{960964B2-5F72-4587-85CF-C4E2ACDB0C60}.Debug|Any CPU.ActiveCfg = Debug|Any CPU
		{960964B2-5F72-4587-85CF-C4E2ACDB0C60}.Debug|Any CPU.Build.0 = Debug|Any CPU
		{960964B2-5F72-4587-85CF-C4E2ACDB0C60}.Debug|x64.ActiveCfg = Debug|Any CPU
		{960964B2-5F72-4587-85CF-C4E2ACDB0C60}.Debug|x64.Build.0 = Debug|Any CPU
		{960964B2-5F72-4587-85CF-C4E2ACDB0C60}.Release|Any CPU.ActiveCfg = Release|Any CPU
		{960964B2-5F72-4587-85CF-C4E2ACDB0C60}.Release|Any CPU.Build.0 = Release|Any CPU
		{960964B2-5F72-4587-85CF-C4E2ACDB0C60}.Release|x64.ActiveCfg = Release|Any CPU
		{960964B2-5F72-4587-85CF-C4E2ACDB0C60}.Release|x64.Build.0 = Release|Any CPU
		{F5D1F9CA-ADE4-4120-987F-BD41B29FE569}.Debug|Any CPU.ActiveCfg = Debug|Any CPU
		{F5D1F9CA-ADE4-4120-987F-BD41B29FE569}.Debug|Any CPU.Build.0 = Debug|Any CPU
		{F5D1F9CA-ADE4-4120-987F-BD41B29FE569}.Debug|x64.ActiveCfg = Debug|x64
		{F5D1F9CA-ADE4-4120-987F-BD41B29FE569}.Debug|x64.Build.0 = Debug|x64
		{F5D1F9CA-ADE4-4120-987F-BD41B29FE569}.Release|Any CPU.ActiveCfg = Release|Any CPU
		{F5D1F9CA-ADE4-4120-987F-BD41B29FE569}.Release|Any CPU.Build.0 = Release|Any CPU
		{F5D1F9CA-ADE4-4120-987F-BD41B29FE569}.Release|x64.ActiveCfg = Release|x64
		{F5D1F9CA-ADE4-4120-987F-BD41B29FE569}.Release|x64.Build.0 = Release|x64
		{685C0D6E-7D5F-4EA2-AA6B-BDB9252A7018}.Debug|Any CPU.ActiveCfg = Debug|Any CPU
		{685C0D6E-7D5F-4EA2-AA6B-BDB9252A7018}.Debug|Any CPU.Build.0 = Debug|Any CPU
		{685C0D6E-7D5F-4EA2-AA6B-BDB9252A7018}.Debug|x64.ActiveCfg = Debug|x64
		{685C0D6E-7D5F-4EA2-AA6B-BDB9252A7018}.Debug|x64.Build.0 = Debug|x64
		{685C0D6E-7D5F-4EA2-AA6B-BDB9252A7018}.Release|Any CPU.ActiveCfg = Release|Any CPU
		{685C0D6E-7D5F-4EA2-AA6B-BDB9252A7018}.Release|Any CPU.Build.0 = Release|Any CPU
		{685C0D6E-7D5F-4EA2-AA6B-BDB9252A7018}.Release|x64.ActiveCfg = Release|x64
		{685C0D6E-7D5F-4EA2-AA6B-BDB9252A7018}.Release|x64.Build.0 = Release|x64
		{8DBF8FC1-96BF-45F6-ADD5-C243E0CF7F46}.Debug|Any CPU.ActiveCfg = Debug
		{8DBF8FC1-96BF-45F6-ADD5-C243E0CF7F46}.Debug|x64.ActiveCfg = Debug
		{8DBF8FC1-96BF-45F6-ADD5-C243E0CF7F46}.Release|Any CPU.ActiveCfg = Release
		{8DBF8FC1-96BF-45F6-ADD5-C243E0CF7F46}.Release|x64.ActiveCfg = Release
	EndGlobalSection
	GlobalSection(SolutionProperties) = preSolution
		HideSolutionNode = FALSE
	EndGlobalSection
	GlobalSection(ExtensibilityGlobals) = postSolution
		SolutionGuid = {3B7DE590-BE06-4E06-B922-5031ED39D6D7}
	EndGlobalSection
EndGlobal
